// !$*UTF8*$!
{
	archiveVersion = 1;
	classes = {
	};
	objectVersion = 56;
	objects = {

/* Begin PBXBuildFile section */
		D60DB6DB29737AFF00B4FAC8 /* TypeView.swift in Sources */ = {isa = PBXBuildFile; fileRef = D60DB6DA29737AFF00B4FAC8 /* TypeView.swift */; };
		D618A8C1298728520032111A /* Overwrite.swift in Sources */ = {isa = PBXBuildFile; fileRef = D618A8C0298728520032111A /* Overwrite.swift */; };
		D620973B29873C6200A2F996 /* ResolutionView.swift in Sources */ = {isa = PBXBuildFile; fileRef = D620973A29873C6200A2F996 /* ResolutionView.swift */; };
		D65EFB99297AC95A00ED6E5A /* AirPowerView.swift in Sources */ = {isa = PBXBuildFile; fileRef = D65EFB98297AC95A00ED6E5A /* AirPowerView.swift */; };
		D65EFBA0297ACB6B00ED6E5A /* CarrierChangerView.swift in Sources */ = {isa = PBXBuildFile; fileRef = D65EFB9F297ACB6B00ED6E5A /* CarrierChangerView.swift */; };
		D68E987E2982B73E00F55CD6 /* SuperviseView.swift in Sources */ = {isa = PBXBuildFile; fileRef = D68E987D2982B73E00F55CD6 /* SuperviseView.swift */; };
		D68E98802982B75300F55CD6 /* Common.swift in Sources */ = {isa = PBXBuildFile; fileRef = D68E987F2982B75300F55CD6 /* Common.swift */; };
		D68E98842982B97800F55CD6 /* MuteView.swift in Sources */ = {isa = PBXBuildFile; fileRef = D68E98832982B97800F55CD6 /* MuteView.swift */; };
		D6CBCA0F2970410700BB1BB5 /* MandelaApp.swift in Sources */ = {isa = PBXBuildFile; fileRef = D6CBCA0E2970410700BB1BB5 /* MandelaApp.swift */; };
		D6CBCA112970410700BB1BB5 /* ContentView.swift in Sources */ = {isa = PBXBuildFile; fileRef = D6CBCA102970410700BB1BB5 /* ContentView.swift */; };
		D6CBCA132970412000BB1BB5 /* Assets.xcassets in Resources */ = {isa = PBXBuildFile; fileRef = D6CBCA122970412000BB1BB5 /* Assets.xcassets */; };
		D6CBCA162970412000BB1BB5 /* Preview Assets.xcassets in Resources */ = {isa = PBXBuildFile; fileRef = D6CBCA152970412000BB1BB5 /* Preview Assets.xcassets */; };
		D6CBCA202970412000BB1BB5 /* MandelaTests.swift in Sources */ = {isa = PBXBuildFile; fileRef = D6CBCA1F2970412000BB1BB5 /* MandelaTests.swift */; };
		D6CBCA2A2970412000BB1BB5 /* MandelaUITests.swift in Sources */ = {isa = PBXBuildFile; fileRef = D6CBCA292970412000BB1BB5 /* MandelaUITests.swift */; };
		D6CBCA2C2970412000BB1BB5 /* MandelaUITestsLaunchTests.swift in Sources */ = {isa = PBXBuildFile; fileRef = D6CBCA2B2970412000BB1BB5 /* MandelaUITestsLaunchTests.swift */; };
		D6CBCA4D29704F8F00BB1BB5 /* DOOMView.swift in Sources */ = {isa = PBXBuildFile; fileRef = D6CBCA4929704F8F00BB1BB5 /* DOOMView.swift */; };
		D6DFDA5829705D20002E2748 /* vm_unaligned_copy_switch_race.c in Sources */ = {isa = PBXBuildFile; fileRef = D6DFDA5729705D20002E2748 /* vm_unaligned_copy_switch_race.c */; };
		D6FF339A29842AE100013438 /* VersionView.swift in Sources */ = {isa = PBXBuildFile; fileRef = D6FF339929842AE100013438 /* VersionView.swift */; };
		D6FF33B229845CF900013438 /* tccd-hijack.m in Sources */ = {isa = PBXBuildFile; fileRef = D6FF33AF29845CF800013438 /* tccd-hijack.m */; };
		D6FF33B329845CF900013438 /* helpers.m in Sources */ = {isa = PBXBuildFile; fileRef = D6FF33B129845CF900013438 /* helpers.m */; };
/* End PBXBuildFile section */

/* Begin PBXContainerItemProxy section */
		D6CBCA1C2970412000BB1BB5 /* PBXContainerItemProxy */ = {
			isa = PBXContainerItemProxy;
			containerPortal = D6CBCA032970410700BB1BB5 /* Project object */;
			proxyType = 1;
			remoteGlobalIDString = D6CBCA0A2970410700BB1BB5;
			remoteInfo = Mandela;
		};
		D6CBCA262970412000BB1BB5 /* PBXContainerItemProxy */ = {
			isa = PBXContainerItemProxy;
			containerPortal = D6CBCA032970410700BB1BB5 /* Project object */;
			proxyType = 1;
			remoteGlobalIDString = D6CBCA0A2970410700BB1BB5;
			remoteInfo = Mandela;
		};
/* End PBXContainerItemProxy section */

/* Begin PBXFileReference section */
		D60DB6DA29737AFF00B4FAC8 /* TypeView.swift */ = {isa = PBXFileReference; lastKnownFileType = sourcecode.swift; path = TypeView.swift; sourceTree = "<group>"; };
		D618A8C0298728520032111A /* Overwrite.swift */ = {isa = PBXFileReference; lastKnownFileType = sourcecode.swift; path = Overwrite.swift; sourceTree = "<group>"; };
		D620973A29873C6200A2F996 /* ResolutionView.swift */ = {isa = PBXFileReference; lastKnownFileType = sourcecode.swift; path = ResolutionView.swift; sourceTree = "<group>"; };
		D65EFB98297AC95A00ED6E5A /* AirPowerView.swift */ = {isa = PBXFileReference; lastKnownFileType = sourcecode.swift; path = AirPowerView.swift; sourceTree = "<group>"; };
		D65EFB9F297ACB6B00ED6E5A /* CarrierChangerView.swift */ = {isa = PBXFileReference; lastKnownFileType = sourcecode.swift; path = CarrierChangerView.swift; sourceTree = "<group>"; };
		D68E987D2982B73E00F55CD6 /* SuperviseView.swift */ = {isa = PBXFileReference; lastKnownFileType = sourcecode.swift; path = SuperviseView.swift; sourceTree = "<group>"; };
		D68E987F2982B75300F55CD6 /* Common.swift */ = {isa = PBXFileReference; lastKnownFileType = sourcecode.swift; path = Common.swift; sourceTree = "<group>"; };
		D68E98832982B97800F55CD6 /* MuteView.swift */ = {isa = PBXFileReference; lastKnownFileType = sourcecode.swift; path = MuteView.swift; sourceTree = "<group>"; };
		D6CBCA0B2970410700BB1BB5 /* Mandela.app */ = {isa = PBXFileReference; explicitFileType = wrapper.application; includeInIndex = 0; path = Mandela.app; sourceTree = BUILT_PRODUCTS_DIR; };
		D6CBCA0E2970410700BB1BB5 /* MandelaApp.swift */ = {isa = PBXFileReference; lastKnownFileType = sourcecode.swift; path = MandelaApp.swift; sourceTree = "<group>"; };
		D6CBCA102970410700BB1BB5 /* ContentView.swift */ = {isa = PBXFileReference; lastKnownFileType = sourcecode.swift; path = ContentView.swift; sourceTree = "<group>"; };
		D6CBCA122970412000BB1BB5 /* Assets.xcassets */ = {isa = PBXFileReference; lastKnownFileType = folder.assetcatalog; path = Assets.xcassets; sourceTree = "<group>"; };
		D6CBCA152970412000BB1BB5 /* Preview Assets.xcassets */ = {isa = PBXFileReference; lastKnownFileType = folder.assetcatalog; path = "Preview Assets.xcassets"; sourceTree = "<group>"; };
		D6CBCA1B2970412000BB1BB5 /* MandelaTests.xctest */ = {isa = PBXFileReference; explicitFileType = wrapper.cfbundle; includeInIndex = 0; path = MandelaTests.xctest; sourceTree = BUILT_PRODUCTS_DIR; };
		D6CBCA1F2970412000BB1BB5 /* MandelaTests.swift */ = {isa = PBXFileReference; lastKnownFileType = sourcecode.swift; path = MandelaTests.swift; sourceTree = "<group>"; };
		D6CBCA252970412000BB1BB5 /* MandelaUITests.xctest */ = {isa = PBXFileReference; explicitFileType = wrapper.cfbundle; includeInIndex = 0; path = MandelaUITests.xctest; sourceTree = BUILT_PRODUCTS_DIR; };
		D6CBCA292970412000BB1BB5 /* MandelaUITests.swift */ = {isa = PBXFileReference; lastKnownFileType = sourcecode.swift; path = MandelaUITests.swift; sourceTree = "<group>"; };
		D6CBCA2B2970412000BB1BB5 /* MandelaUITestsLaunchTests.swift */ = {isa = PBXFileReference; lastKnownFileType = sourcecode.swift; path = MandelaUITestsLaunchTests.swift; sourceTree = "<group>"; };
		D6CBCA4929704F8F00BB1BB5 /* DOOMView.swift */ = {isa = PBXFileReference; fileEncoding = 4; lastKnownFileType = sourcecode.swift; path = DOOMView.swift; sourceTree = "<group>"; };
		D6DFDA5529705BEA002E2748 /* Mandela-Bridging-Header.h */ = {isa = PBXFileReference; lastKnownFileType = sourcecode.c.h; path = "Mandela-Bridging-Header.h"; sourceTree = "<group>"; };
		D6DFDA5629705D20002E2748 /* vm_unaligned_copy_switch_race.h */ = {isa = PBXFileReference; fileEncoding = 4; lastKnownFileType = sourcecode.c.h; path = vm_unaligned_copy_switch_race.h; sourceTree = "<group>"; };
		D6DFDA5729705D20002E2748 /* vm_unaligned_copy_switch_race.c */ = {isa = PBXFileReference; fileEncoding = 4; lastKnownFileType = sourcecode.c.c; path = vm_unaligned_copy_switch_race.c; sourceTree = "<group>"; };
		D6FF339929842AE100013438 /* VersionView.swift */ = {isa = PBXFileReference; lastKnownFileType = sourcecode.swift; path = VersionView.swift; sourceTree = "<group>"; };
		D6FF33AE29845CF800013438 /* tccd-hijack.h */ = {isa = PBXFileReference; fileEncoding = 4; lastKnownFileType = sourcecode.c.h; path = "tccd-hijack.h"; sourceTree = "<group>"; };
		D6FF33AF29845CF800013438 /* tccd-hijack.m */ = {isa = PBXFileReference; fileEncoding = 4; lastKnownFileType = sourcecode.c.objc; path = "tccd-hijack.m"; sourceTree = "<group>"; };
		D6FF33B029845CF800013438 /* helpers.h */ = {isa = PBXFileReference; fileEncoding = 4; lastKnownFileType = sourcecode.c.h; path = helpers.h; sourceTree = "<group>"; };
		D6FF33B129845CF900013438 /* helpers.m */ = {isa = PBXFileReference; fileEncoding = 4; lastKnownFileType = sourcecode.c.objc; path = helpers.m; sourceTree = "<group>"; };
/* End PBXFileReference section */

/* Begin PBXFrameworksBuildPhase section */
		D6CBCA082970410700BB1BB5 /* Frameworks */ = {
			isa = PBXFrameworksBuildPhase;
			buildActionMask = 2147483647;
			files = (
			);
			runOnlyForDeploymentPostprocessing = 0;
		};
		D6CBCA182970412000BB1BB5 /* Frameworks */ = {
			isa = PBXFrameworksBuildPhase;
			buildActionMask = 2147483647;
			files = (
			);
			runOnlyForDeploymentPostprocessing = 0;
		};
		D6CBCA222970412000BB1BB5 /* Frameworks */ = {
			isa = PBXFrameworksBuildPhase;
			buildActionMask = 2147483647;
			files = (
			);
			runOnlyForDeploymentPostprocessing = 0;
		};
/* End PBXFrameworksBuildPhase section */

/* Begin PBXGroup section */
		D60DB6D929737AC100B4FAC8 /* DeviceType */ = {
			isa = PBXGroup;
			children = (
				D60DB6DA29737AFF00B4FAC8 /* TypeView.swift */,
			);
			path = DeviceType;
			sourceTree = "<group>";
		};
		D620973929873BF300A2F996 /* Resolution */ = {
			isa = PBXGroup;
			children = (
				D620973A29873C6200A2F996 /* ResolutionView.swift */,
			);
			path = Resolution;
			sourceTree = "<group>";
		};
		D65EFB97297AC93D00ED6E5A /* AirPower */ = {
			isa = PBXGroup;
			children = (
				D65EFB98297AC95A00ED6E5A /* AirPowerView.swift */,
			);
			path = AirPower;
			sourceTree = "<group>";
		};
		D65EFB9E297ACB5700ED6E5A /* CarrierChanger */ = {
			isa = PBXGroup;
			children = (
				D65EFB9F297ACB6B00ED6E5A /* CarrierChangerView.swift */,
			);
			path = CarrierChanger;
			sourceTree = "<group>";
		};
		D68E987B2982270400F55CD6 /* Supervise */ = {
			isa = PBXGroup;
			children = (
				D68E987D2982B73E00F55CD6 /* SuperviseView.swift */,
			);
			path = Supervise;
			sourceTree = "<group>";
		};
		D68E987C2982271700F55CD6 /* MuteSwitch */ = {
			isa = PBXGroup;
			children = (
				D68E98832982B97800F55CD6 /* MuteView.swift */,
			);
			path = MuteSwitch;
			sourceTree = "<group>";
		};
		D6CBCA022970410700BB1BB5 = {
			isa = PBXGroup;
			children = (
				D6CBCA0D2970410700BB1BB5 /* Mandela */,
				D6CBCA1E2970412000BB1BB5 /* MandelaTests */,
				D6CBCA282970412000BB1BB5 /* MandelaUITests */,
				D6CBCA0C2970410700BB1BB5 /* Products */,
			);
			sourceTree = "<group>";
		};
		D6CBCA0C2970410700BB1BB5 /* Products */ = {
			isa = PBXGroup;
			children = (
				D6CBCA0B2970410700BB1BB5 /* Mandela.app */,
				D6CBCA1B2970412000BB1BB5 /* MandelaTests.xctest */,
				D6CBCA252970412000BB1BB5 /* MandelaUITests.xctest */,
			);
			name = Products;
			sourceTree = "<group>";
		};
		D6CBCA0D2970410700BB1BB5 /* Mandela */ = {
			isa = PBXGroup;
			children = (
				D6CBCA3C297046CE00BB1BB5 /* Mods */,
				D6CBCA0E2970410700BB1BB5 /* MandelaApp.swift */,
				D6FF339829842AA900013438 /* SoftwareVersion */,
				D6CBCA102970410700BB1BB5 /* ContentView.swift */,
				D6DFDA5529705BEA002E2748 /* Mandela-Bridging-Header.h */,
				D6DFDA5729705D20002E2748 /* vm_unaligned_copy_switch_race.c */,
				D68E987F2982B75300F55CD6 /* Common.swift */,
				D6DFDA5629705D20002E2748 /* vm_unaligned_copy_switch_race.h */,
				D6FF33B029845CF800013438 /* helpers.h */,
				D6FF33B129845CF900013438 /* helpers.m */,
				D6FF33AE29845CF800013438 /* tccd-hijack.h */,
				D6FF33AF29845CF800013438 /* tccd-hijack.m */,
				D618A8C0298728520032111A /* Overwrite.swift */,
				D6CBCA122970412000BB1BB5 /* Assets.xcassets */,
				D6CBCA142970412000BB1BB5 /* Preview Content */,
			);
			path = Mandela;
			sourceTree = "<group>";
		};
		D6CBCA142970412000BB1BB5 /* Preview Content */ = {
			isa = PBXGroup;
			children = (
				D6CBCA152970412000BB1BB5 /* Preview Assets.xcassets */,
			);
			path = "Preview Content";
			sourceTree = "<group>";
		};
		D6CBCA1E2970412000BB1BB5 /* MandelaTests */ = {
			isa = PBXGroup;
			children = (
				D6CBCA1F2970412000BB1BB5 /* MandelaTests.swift */,
			);
			path = MandelaTests;
			sourceTree = "<group>";
		};
		D6CBCA282970412000BB1BB5 /* MandelaUITests */ = {
			isa = PBXGroup;
			children = (
				D6CBCA292970412000BB1BB5 /* MandelaUITests.swift */,
				D6CBCA2B2970412000BB1BB5 /* MandelaUITestsLaunchTests.swift */,
			);
			path = MandelaUITests;
			sourceTree = "<group>";
		};
		D6CBCA3C297046CE00BB1BB5 /* Mods */ = {
			isa = PBXGroup;
			children = (
				D620973929873BF300A2F996 /* Resolution */,
				D68E987C2982271700F55CD6 /* MuteSwitch */,
				D68E987B2982270400F55CD6 /* Supervise */,
				D65EFB9E297ACB5700ED6E5A /* CarrierChanger */,
				D65EFB97297AC93D00ED6E5A /* AirPower */,
				D60DB6D929737AC100B4FAC8 /* DeviceType */,
				D6CBCA4329704F2800BB1BB5 /* DOOMLicence */,
			);
			path = Mods;
			sourceTree = "<group>";
		};
		D6CBCA4329704F2800BB1BB5 /* DOOMLicence */ = {
			isa = PBXGroup;
			children = (
				D6CBCA4929704F8F00BB1BB5 /* DOOMView.swift */,
			);
			path = DOOMLicence;
			sourceTree = "<group>";
		};
		D6FF339829842AA900013438 /* SoftwareVersion */ = {
			isa = PBXGroup;
			children = (
				D6FF339929842AE100013438 /* VersionView.swift */,
			);
			path = SoftwareVersion;
			sourceTree = "<group>";
		};
/* End PBXGroup section */

/* Begin PBXNativeTarget section */
		D6CBCA0A2970410700BB1BB5 /* Mandela */ = {
			isa = PBXNativeTarget;
			buildConfigurationList = D6CBCA2F2970412000BB1BB5 /* Build configuration list for PBXNativeTarget "Mandela" */;
			buildPhases = (
				D6CBCA072970410700BB1BB5 /* Sources */,
				D6CBCA082970410700BB1BB5 /* Frameworks */,
				D6CBCA092970410700BB1BB5 /* Resources */,
			);
			buildRules = (
			);
			dependencies = (
			);
			name = Mandela;
			productName = Mandela;
			productReference = D6CBCA0B2970410700BB1BB5 /* Mandela.app */;
			productType = "com.apple.product-type.application";
		};
		D6CBCA1A2970412000BB1BB5 /* MandelaTests */ = {
			isa = PBXNativeTarget;
			buildConfigurationList = D6CBCA322970412000BB1BB5 /* Build configuration list for PBXNativeTarget "MandelaTests" */;
			buildPhases = (
				D6CBCA172970412000BB1BB5 /* Sources */,
				D6CBCA182970412000BB1BB5 /* Frameworks */,
				D6CBCA192970412000BB1BB5 /* Resources */,
			);
			buildRules = (
			);
			dependencies = (
				D6CBCA1D2970412000BB1BB5 /* PBXTargetDependency */,
			);
			name = MandelaTests;
			productName = MandelaTests;
			productReference = D6CBCA1B2970412000BB1BB5 /* MandelaTests.xctest */;
			productType = "com.apple.product-type.bundle.unit-test";
		};
		D6CBCA242970412000BB1BB5 /* MandelaUITests */ = {
			isa = PBXNativeTarget;
			buildConfigurationList = D6CBCA352970412000BB1BB5 /* Build configuration list for PBXNativeTarget "MandelaUITests" */;
			buildPhases = (
				D6CBCA212970412000BB1BB5 /* Sources */,
				D6CBCA222970412000BB1BB5 /* Frameworks */,
				D6CBCA232970412000BB1BB5 /* Resources */,
			);
			buildRules = (
			);
			dependencies = (
				D6CBCA272970412000BB1BB5 /* PBXTargetDependency */,
			);
			name = MandelaUITests;
			productName = MandelaUITests;
			productReference = D6CBCA252970412000BB1BB5 /* MandelaUITests.xctest */;
			productType = "com.apple.product-type.bundle.ui-testing";
		};
/* End PBXNativeTarget section */

/* Begin PBXProject section */
		D6CBCA032970410700BB1BB5 /* Project object */ = {
			isa = PBXProject;
			attributes = {
				BuildIndependentTargetsInParallel = 1;
				LastSwiftUpdateCheck = 1410;
				LastUpgradeCheck = 1410;
				TargetAttributes = {
					D6CBCA0A2970410700BB1BB5 = {
						CreatedOnToolsVersion = 14.1;
						LastSwiftMigration = 1410;
					};
					D6CBCA1A2970412000BB1BB5 = {
						CreatedOnToolsVersion = 14.1;
						TestTargetID = D6CBCA0A2970410700BB1BB5;
					};
					D6CBCA242970412000BB1BB5 = {
						CreatedOnToolsVersion = 14.1;
						TestTargetID = D6CBCA0A2970410700BB1BB5;
					};
				};
			};
			buildConfigurationList = D6CBCA062970410700BB1BB5 /* Build configuration list for PBXProject "Mandela" */;
			compatibilityVersion = "Xcode 14.0";
			developmentRegion = en;
			hasScannedForEncodings = 0;
			knownRegions = (
				en,
				Base,
			);
			mainGroup = D6CBCA022970410700BB1BB5;
			productRefGroup = D6CBCA0C2970410700BB1BB5 /* Products */;
			projectDirPath = "";
			projectRoot = "";
			targets = (
				D6CBCA0A2970410700BB1BB5 /* Mandela */,
				D6CBCA1A2970412000BB1BB5 /* MandelaTests */,
				D6CBCA242970412000BB1BB5 /* MandelaUITests */,
			);
		};
/* End PBXProject section */

/* Begin PBXResourcesBuildPhase section */
		D6CBCA092970410700BB1BB5 /* Resources */ = {
			isa = PBXResourcesBuildPhase;
			buildActionMask = 2147483647;
			files = (
				D6CBCA162970412000BB1BB5 /* Preview Assets.xcassets in Resources */,
				D6CBCA132970412000BB1BB5 /* Assets.xcassets in Resources */,
			);
			runOnlyForDeploymentPostprocessing = 0;
		};
		D6CBCA192970412000BB1BB5 /* Resources */ = {
			isa = PBXResourcesBuildPhase;
			buildActionMask = 2147483647;
			files = (
			);
			runOnlyForDeploymentPostprocessing = 0;
		};
		D6CBCA232970412000BB1BB5 /* Resources */ = {
			isa = PBXResourcesBuildPhase;
			buildActionMask = 2147483647;
			files = (
			);
			runOnlyForDeploymentPostprocessing = 0;
		};
/* End PBXResourcesBuildPhase section */

/* Begin PBXSourcesBuildPhase section */
		D6CBCA072970410700BB1BB5 /* Sources */ = {
			isa = PBXSourcesBuildPhase;
			buildActionMask = 2147483647;
			files = (
				D68E987E2982B73E00F55CD6 /* SuperviseView.swift in Sources */,
				D618A8C1298728520032111A /* Overwrite.swift in Sources */,
				D65EFBA0297ACB6B00ED6E5A /* CarrierChangerView.swift in Sources */,
				D6CBCA112970410700BB1BB5 /* ContentView.swift in Sources */,
				D68E98802982B75300F55CD6 /* Common.swift in Sources */,
				D6DFDA5829705D20002E2748 /* vm_unaligned_copy_switch_race.c in Sources */,
				D6FF33B229845CF900013438 /* tccd-hijack.m in Sources */,
				D6FF339A29842AE100013438 /* VersionView.swift in Sources */,
				D6CBCA4D29704F8F00BB1BB5 /* DOOMView.swift in Sources */,
				D620973B29873C6200A2F996 /* ResolutionView.swift in Sources */,
				D6CBCA0F2970410700BB1BB5 /* MandelaApp.swift in Sources */,
				D65EFB99297AC95A00ED6E5A /* AirPowerView.swift in Sources */,
				D60DB6DB29737AFF00B4FAC8 /* TypeView.swift in Sources */,
				D6FF33B329845CF900013438 /* helpers.m in Sources */,
				D68E98842982B97800F55CD6 /* MuteView.swift in Sources */,
			);
			runOnlyForDeploymentPostprocessing = 0;
		};
		D6CBCA172970412000BB1BB5 /* Sources */ = {
			isa = PBXSourcesBuildPhase;
			buildActionMask = 2147483647;
			files = (
				D6CBCA202970412000BB1BB5 /* MandelaTests.swift in Sources */,
			);
			runOnlyForDeploymentPostprocessing = 0;
		};
		D6CBCA212970412000BB1BB5 /* Sources */ = {
			isa = PBXSourcesBuildPhase;
			buildActionMask = 2147483647;
			files = (
				D6CBCA2A2970412000BB1BB5 /* MandelaUITests.swift in Sources */,
				D6CBCA2C2970412000BB1BB5 /* MandelaUITestsLaunchTests.swift in Sources */,
			);
			runOnlyForDeploymentPostprocessing = 0;
		};
/* End PBXSourcesBuildPhase section */

/* Begin PBXTargetDependency section */
		D6CBCA1D2970412000BB1BB5 /* PBXTargetDependency */ = {
			isa = PBXTargetDependency;
			target = D6CBCA0A2970410700BB1BB5 /* Mandela */;
			targetProxy = D6CBCA1C2970412000BB1BB5 /* PBXContainerItemProxy */;
		};
		D6CBCA272970412000BB1BB5 /* PBXTargetDependency */ = {
			isa = PBXTargetDependency;
			target = D6CBCA0A2970410700BB1BB5 /* Mandela */;
			targetProxy = D6CBCA262970412000BB1BB5 /* PBXContainerItemProxy */;
		};
/* End PBXTargetDependency section */

/* Begin XCBuildConfiguration section */
		D6CBCA2D2970412000BB1BB5 /* Debug */ = {
			isa = XCBuildConfiguration;
			buildSettings = {
				ALWAYS_SEARCH_USER_PATHS = NO;
				CLANG_ANALYZER_NONNULL = YES;
				CLANG_ANALYZER_NUMBER_OBJECT_CONVERSION = YES_AGGRESSIVE;
				CLANG_CXX_LANGUAGE_STANDARD = "gnu++20";
				CLANG_ENABLE_MODULES = YES;
				CLANG_ENABLE_OBJC_ARC = YES;
				CLANG_ENABLE_OBJC_WEAK = YES;
				CLANG_WARN_BLOCK_CAPTURE_AUTORELEASING = YES;
				CLANG_WARN_BOOL_CONVERSION = YES;
				CLANG_WARN_COMMA = YES;
				CLANG_WARN_CONSTANT_CONVERSION = YES;
				CLANG_WARN_DEPRECATED_OBJC_IMPLEMENTATIONS = YES;
				CLANG_WARN_DIRECT_OBJC_ISA_USAGE = YES_ERROR;
				CLANG_WARN_DOCUMENTATION_COMMENTS = YES;
				CLANG_WARN_EMPTY_BODY = YES;
				CLANG_WARN_ENUM_CONVERSION = YES;
				CLANG_WARN_INFINITE_RECURSION = YES;
				CLANG_WARN_INT_CONVERSION = YES;
				CLANG_WARN_NON_LITERAL_NULL_CONVERSION = YES;
				CLANG_WARN_OBJC_IMPLICIT_RETAIN_SELF = YES;
				CLANG_WARN_OBJC_LITERAL_CONVERSION = YES;
				CLANG_WARN_OBJC_ROOT_CLASS = YES_ERROR;
				CLANG_WARN_QUOTED_INCLUDE_IN_FRAMEWORK_HEADER = YES;
				CLANG_WARN_RANGE_LOOP_ANALYSIS = YES;
				CLANG_WARN_STRICT_PROTOTYPES = YES;
				CLANG_WARN_SUSPICIOUS_MOVE = YES;
				CLANG_WARN_UNGUARDED_AVAILABILITY = YES_AGGRESSIVE;
				CLANG_WARN_UNREACHABLE_CODE = YES;
				CLANG_WARN__DUPLICATE_METHOD_MATCH = YES;
				COPY_PHASE_STRIP = NO;
				DEBUG_INFORMATION_FORMAT = dwarf;
				ENABLE_STRICT_OBJC_MSGSEND = YES;
				ENABLE_TESTABILITY = YES;
				GCC_C_LANGUAGE_STANDARD = gnu11;
				GCC_DYNAMIC_NO_PIC = NO;
				GCC_NO_COMMON_BLOCKS = YES;
				GCC_OPTIMIZATION_LEVEL = 0;
				GCC_PREPROCESSOR_DEFINITIONS = (
					"DEBUG=1",
					"$(inherited)",
				);
				GCC_WARN_64_TO_32_BIT_CONVERSION = YES;
				GCC_WARN_ABOUT_RETURN_TYPE = YES_ERROR;
				GCC_WARN_UNDECLARED_SELECTOR = YES;
				GCC_WARN_UNINITIALIZED_AUTOS = YES_AGGRESSIVE;
				GCC_WARN_UNUSED_FUNCTION = YES;
				GCC_WARN_UNUSED_VARIABLE = YES;
				IPHONEOS_DEPLOYMENT_TARGET = 15.0;
				MTL_ENABLE_DEBUG_INFO = INCLUDE_SOURCE;
				MTL_FAST_MATH = YES;
				ONLY_ACTIVE_ARCH = YES;
				SDKROOT = iphoneos;
				SWIFT_ACTIVE_COMPILATION_CONDITIONS = DEBUG;
				SWIFT_OPTIMIZATION_LEVEL = "-Onone";
			};
			name = Debug;
		};
		D6CBCA2E2970412000BB1BB5 /* Release */ = {
			isa = XCBuildConfiguration;
			buildSettings = {
				ALWAYS_SEARCH_USER_PATHS = NO;
				CLANG_ANALYZER_NONNULL = YES;
				CLANG_ANALYZER_NUMBER_OBJECT_CONVERSION = YES_AGGRESSIVE;
				CLANG_CXX_LANGUAGE_STANDARD = "gnu++20";
				CLANG_ENABLE_MODULES = YES;
				CLANG_ENABLE_OBJC_ARC = YES;
				CLANG_ENABLE_OBJC_WEAK = YES;
				CLANG_WARN_BLOCK_CAPTURE_AUTORELEASING = YES;
				CLANG_WARN_BOOL_CONVERSION = YES;
				CLANG_WARN_COMMA = YES;
				CLANG_WARN_CONSTANT_CONVERSION = YES;
				CLANG_WARN_DEPRECATED_OBJC_IMPLEMENTATIONS = YES;
				CLANG_WARN_DIRECT_OBJC_ISA_USAGE = YES_ERROR;
				CLANG_WARN_DOCUMENTATION_COMMENTS = YES;
				CLANG_WARN_EMPTY_BODY = YES;
				CLANG_WARN_ENUM_CONVERSION = YES;
				CLANG_WARN_INFINITE_RECURSION = YES;
				CLANG_WARN_INT_CONVERSION = YES;
				CLANG_WARN_NON_LITERAL_NULL_CONVERSION = YES;
				CLANG_WARN_OBJC_IMPLICIT_RETAIN_SELF = YES;
				CLANG_WARN_OBJC_LITERAL_CONVERSION = YES;
				CLANG_WARN_OBJC_ROOT_CLASS = YES_ERROR;
				CLANG_WARN_QUOTED_INCLUDE_IN_FRAMEWORK_HEADER = YES;
				CLANG_WARN_RANGE_LOOP_ANALYSIS = YES;
				CLANG_WARN_STRICT_PROTOTYPES = YES;
				CLANG_WARN_SUSPICIOUS_MOVE = YES;
				CLANG_WARN_UNGUARDED_AVAILABILITY = YES_AGGRESSIVE;
				CLANG_WARN_UNREACHABLE_CODE = YES;
				CLANG_WARN__DUPLICATE_METHOD_MATCH = YES;
				COPY_PHASE_STRIP = NO;
				DEBUG_INFORMATION_FORMAT = "dwarf-with-dsym";
				ENABLE_NS_ASSERTIONS = NO;
				ENABLE_STRICT_OBJC_MSGSEND = YES;
				GCC_C_LANGUAGE_STANDARD = gnu11;
				GCC_NO_COMMON_BLOCKS = YES;
				GCC_WARN_64_TO_32_BIT_CONVERSION = YES;
				GCC_WARN_ABOUT_RETURN_TYPE = YES_ERROR;
				GCC_WARN_UNDECLARED_SELECTOR = YES;
				GCC_WARN_UNINITIALIZED_AUTOS = YES_AGGRESSIVE;
				GCC_WARN_UNUSED_FUNCTION = YES;
				GCC_WARN_UNUSED_VARIABLE = YES;
				IPHONEOS_DEPLOYMENT_TARGET = 15.0;
				MTL_ENABLE_DEBUG_INFO = NO;
				MTL_FAST_MATH = YES;
				SDKROOT = iphoneos;
				SWIFT_COMPILATION_MODE = wholemodule;
				SWIFT_OPTIMIZATION_LEVEL = "-O";
				VALIDATE_PRODUCT = YES;
			};
			name = Release;
		};
		D6CBCA302970412000BB1BB5 /* Debug */ = {
			isa = XCBuildConfiguration;
			buildSettings = {
				ASSETCATALOG_COMPILER_APPICON_NAME = AppIcon;
				ASSETCATALOG_COMPILER_GLOBAL_ACCENT_COLOR_NAME = AccentColor;
				CLANG_ENABLE_MODULES = YES;
				CODE_SIGN_STYLE = Automatic;
				CURRENT_PROJECT_VERSION = "Alpha 2";
				DEVELOPMENT_ASSET_PATHS = "\"Mandela/Preview Content\"";
				ENABLE_PREVIEWS = YES;
				GENERATE_INFOPLIST_FILE = YES;
				INFOPLIST_KEY_CFBundleDisplayName = Mandela;
				INFOPLIST_KEY_LSApplicationCategoryType = "public.app-category.utilities";
				INFOPLIST_KEY_NSAppleMusicUsageDescription = "Grant permission to the sandbox. Required for app functionality.";
				INFOPLIST_KEY_UIApplicationSceneManifest_Generation = YES;
				INFOPLIST_KEY_UIApplicationSupportsIndirectInputEvents = YES;
				INFOPLIST_KEY_UILaunchScreen_Generation = YES;
				INFOPLIST_KEY_UISupportedInterfaceOrientations_iPad = "UIInterfaceOrientationPortrait UIInterfaceOrientationPortraitUpsideDown UIInterfaceOrientationLandscapeLeft UIInterfaceOrientationLandscapeRight";
				INFOPLIST_KEY_UISupportedInterfaceOrientations_iPhone = "UIInterfaceOrientationPortrait UIInterfaceOrientationLandscapeLeft UIInterfaceOrientationLandscapeRight";
				IPHONEOS_DEPLOYMENT_TARGET = 15.0;
				LD_RUNPATH_SEARCH_PATHS = (
					"$(inherited)",
					"@executable_path/Frameworks",
				);
				MARKETING_VERSION = 0.4.99;
				PRODUCT_BUNDLE_IDENTIFIER = ca.bomberfish.Mandela;
				PRODUCT_NAME = "$(TARGET_NAME)";
				SUPPORTED_PLATFORMS = "iphoneos iphonesimulator";
				SUPPORTS_MACCATALYST = NO;
				SUPPORTS_MAC_DESIGNED_FOR_IPHONE_IPAD = NO;
				SWIFT_EMIT_LOC_STRINGS = YES;
				SWIFT_OBJC_BRIDGING_HEADER = "Mandela/Mandela-Bridging-Header.h";
				SWIFT_OPTIMIZATION_LEVEL = "-Onone";
				SWIFT_SUPPRESS_WARNINGS = YES;
				SWIFT_VERSION = 5.0;
				TARGETED_DEVICE_FAMILY = "1,2";
			};
			name = Debug;
		};
		D6CBCA312970412000BB1BB5 /* Release */ = {
			isa = XCBuildConfiguration;
			buildSettings = {
				ASSETCATALOG_COMPILER_APPICON_NAME = AppIcon;
				ASSETCATALOG_COMPILER_GLOBAL_ACCENT_COLOR_NAME = AccentColor;
				CLANG_ENABLE_MODULES = YES;
				CODE_SIGN_STYLE = Automatic;
				CURRENT_PROJECT_VERSION = "Alpha 2";
				DEVELOPMENT_ASSET_PATHS = "\"Mandela/Preview Content\"";
				ENABLE_PREVIEWS = YES;
				GENERATE_INFOPLIST_FILE = YES;
				INFOPLIST_KEY_CFBundleDisplayName = Mandela;
				INFOPLIST_KEY_LSApplicationCategoryType = "public.app-category.utilities";
				INFOPLIST_KEY_NSAppleMusicUsageDescription = "Grant permission to the sandbox. Required for app functionality.";
				INFOPLIST_KEY_UIApplicationSceneManifest_Generation = YES;
				INFOPLIST_KEY_UIApplicationSupportsIndirectInputEvents = YES;
				INFOPLIST_KEY_UILaunchScreen_Generation = YES;
				INFOPLIST_KEY_UISupportedInterfaceOrientations_iPad = "UIInterfaceOrientationPortrait UIInterfaceOrientationPortraitUpsideDown UIInterfaceOrientationLandscapeLeft UIInterfaceOrientationLandscapeRight";
				INFOPLIST_KEY_UISupportedInterfaceOrientations_iPhone = "UIInterfaceOrientationPortrait UIInterfaceOrientationLandscapeLeft UIInterfaceOrientationLandscapeRight";
				IPHONEOS_DEPLOYMENT_TARGET = 15.0;
				LD_RUNPATH_SEARCH_PATHS = (
					"$(inherited)",
					"@executable_path/Frameworks",
				);
				MARKETING_VERSION = 0.4.99;
				PRODUCT_BUNDLE_IDENTIFIER = ca.bomberfish.Mandela;
				PRODUCT_NAME = "$(TARGET_NAME)";
				SUPPORTED_PLATFORMS = "iphoneos iphonesimulator";
				SUPPORTS_MACCATALYST = NO;
				SUPPORTS_MAC_DESIGNED_FOR_IPHONE_IPAD = NO;
				SWIFT_EMIT_LOC_STRINGS = YES;
				SWIFT_OBJC_BRIDGING_HEADER = "Mandela/Mandela-Bridging-Header.h";
				SWIFT_SUPPRESS_WARNINGS = YES;
				SWIFT_VERSION = 5.0;
				TARGETED_DEVICE_FAMILY = "1,2";
			};
			name = Release;
		};
		D6CBCA332970412000BB1BB5 /* Debug */ = {
			isa = XCBuildConfiguration;
			buildSettings = {
				ALWAYS_EMBED_SWIFT_STANDARD_LIBRARIES = YES;
				BUNDLE_LOADER = "$(TEST_HOST)";
				CODE_SIGN_STYLE = Automatic;
				CURRENT_PROJECT_VERSION = 1;
				GENERATE_INFOPLIST_FILE = YES;
				IPHONEOS_DEPLOYMENT_TARGET = 16.1;
				MARKETING_VERSION = 1.0;
				PRODUCT_BUNDLE_IDENTIFIER = ca.bomberfish.MandelaTests;
				PRODUCT_NAME = "$(TARGET_NAME)";
				SWIFT_EMIT_LOC_STRINGS = NO;
				SWIFT_VERSION = 5.0;
				TARGETED_DEVICE_FAMILY = "1,2";
				TEST_HOST = "$(BUILT_PRODUCTS_DIR)/Mandela.app/$(BUNDLE_EXECUTABLE_FOLDER_PATH)/Mandela";
			};
			name = Debug;
		};
		D6CBCA342970412000BB1BB5 /* Release */ = {
			isa = XCBuildConfiguration;
			buildSettings = {
				ALWAYS_EMBED_SWIFT_STANDARD_LIBRARIES = YES;
				BUNDLE_LOADER = "$(TEST_HOST)";
				CODE_SIGN_STYLE = Automatic;
				CURRENT_PROJECT_VERSION = 1;
				GENERATE_INFOPLIST_FILE = YES;
				IPHONEOS_DEPLOYMENT_TARGET = 16.1;
				MARKETING_VERSION = 1.0;
				PRODUCT_BUNDLE_IDENTIFIER = ca.bomberfish.MandelaTests;
				PRODUCT_NAME = "$(TARGET_NAME)";
				SWIFT_EMIT_LOC_STRINGS = NO;
				SWIFT_VERSION = 5.0;
				TARGETED_DEVICE_FAMILY = "1,2";
				TEST_HOST = "$(BUILT_PRODUCTS_DIR)/Mandela.app/$(BUNDLE_EXECUTABLE_FOLDER_PATH)/Mandela";
			};
			name = Release;
		};
		D6CBCA362970412000BB1BB5 /* Debug */ = {
			isa = XCBuildConfiguration;
			buildSettings = {
				ALWAYS_EMBED_SWIFT_STANDARD_LIBRARIES = YES;
				CODE_SIGN_STYLE = Automatic;
				CURRENT_PROJECT_VERSION = 1;
				GENERATE_INFOPLIST_FILE = YES;
				MARKETING_VERSION = 1.0;
				PRODUCT_BUNDLE_IDENTIFIER = ca.bomberfish.MandelaUITests;
				PRODUCT_NAME = "$(TARGET_NAME)";
				SWIFT_EMIT_LOC_STRINGS = NO;
				SWIFT_VERSION = 5.0;
				TARGETED_DEVICE_FAMILY = "1,2";
				TEST_TARGET_NAME = Mandela;
			};
			name = Debug;
		};
		D6CBCA372970412000BB1BB5 /* Release */ = {
			isa = XCBuildConfiguration;
			buildSettings = {
				ALWAYS_EMBED_SWIFT_STANDARD_LIBRARIES = YES;
				CODE_SIGN_STYLE = Automatic;
				CURRENT_PROJECT_VERSION = 1;
				GENERATE_INFOPLIST_FILE = YES;
				MARKETING_VERSION = 1.0;
				PRODUCT_BUNDLE_IDENTIFIER = ca.bomberfish.MandelaUITests;
				PRODUCT_NAME = "$(TARGET_NAME)";
				SWIFT_EMIT_LOC_STRINGS = NO;
				SWIFT_VERSION = 5.0;
				TARGETED_DEVICE_FAMILY = "1,2";
				TEST_TARGET_NAME = Mandela;
			};
			name = Release;
		};
/* End XCBuildConfiguration section */

/* Begin XCConfigurationList section */
		D6CBCA062970410700BB1BB5 /* Build configuration list for PBXProject "Mandela" */ = {
			isa = XCConfigurationList;
			buildConfigurations = (
				D6CBCA2D2970412000BB1BB5 /* Debug */,
				D6CBCA2E2970412000BB1BB5 /* Release */,
			);
			defaultConfigurationIsVisible = 0;
			defaultConfigurationName = Release;
		};
		D6CBCA2F2970412000BB1BB5 /* Build configuration list for PBXNativeTarget "Mandela" */ = {
			isa = XCConfigurationList;
			buildConfigurations = (
				D6CBCA302970412000BB1BB5 /* Debug */,
				D6CBCA312970412000BB1BB5 /* Release */,
			);
			defaultConfigurationIsVisible = 0;
			defaultConfigurationName = Release;
		};
		D6CBCA322970412000BB1BB5 /* Build configuration list for PBXNativeTarget "MandelaTests" */ = {
			isa = XCConfigurationList;
			buildConfigurations = (
				D6CBCA332970412000BB1BB5 /* Debug */,
				D6CBCA342970412000BB1BB5 /* Release */,
			);
			defaultConfigurationIsVisible = 0;
			defaultConfigurationName = Release;
		};
		D6CBCA352970412000BB1BB5 /* Build configuration list for PBXNativeTarget "MandelaUITests" */ = {
			isa = XCConfigurationList;
			buildConfigurations = (
				D6CBCA362970412000BB1BB5 /* Debug */,
				D6CBCA372970412000BB1BB5 /* Release */,
			);
			defaultConfigurationIsVisible = 0;
			defaultConfigurationName = Release;
		};
/* End XCConfigurationList section */
	};
	rootObject = D6CBCA032970410700BB1BB5 /* Project object */;
}
